// !$*UTF8*$!
{
	archiveVersion = 1;
	classes = {
	};
	objectVersion = 46;
	objects = {

/* Begin PBXBuildFile section */
		7C62DCDB182AB09B0003AD91 /* UIKit.framework in Frameworks */ = {isa = PBXBuildFile; fileRef = 7C62DCDA182AB09B0003AD91 /* UIKit.framework */; };
		7C62DCDD182AB09B0003AD91 /* Foundation.framework in Frameworks */ = {isa = PBXBuildFile; fileRef = 7C62DCDC182AB09B0003AD91 /* Foundation.framework */; };
		7C62DCDF182AB09B0003AD91 /* CoreGraphics.framework in Frameworks */ = {isa = PBXBuildFile; fileRef = 7C62DCDE182AB09B0003AD91 /* CoreGraphics.framework */; };
		7C62DCE5182AB09B0003AD91 /* InfoPlist.strings in Resources */ = {isa = PBXBuildFile; fileRef = 7C62DCE3182AB09B0003AD91 /* InfoPlist.strings */; };
		7C62DCE7182AB09B0003AD91 /* main.m in Sources */ = {isa = PBXBuildFile; fileRef = 7C62DCE6182AB09B0003AD91 /* main.m */; };
		7C62DCEB182AB09B0003AD91 /* AppDelegate.m in Sources */ = {isa = PBXBuildFile; fileRef = 7C62DCEA182AB09B0003AD91 /* AppDelegate.m */; };
		7C62DCF4182AB09B0003AD91 /* MainStoryboard.storyboard in Resources */ = {isa = PBXBuildFile; fileRef = 7C62DCF2182AB09B0003AD91 /* MainStoryboard.storyboard */; };
		7C62DCF7182AB09B0003AD91 /* ViewController.m in Sources */ = {isa = PBXBuildFile; fileRef = 7C62DCF6182AB09B0003AD91 /* ViewController.m */; };
		7C62DD0F182ABCDE0003AD91 /* CampusInfoViewController.m in Sources */ = {isa = PBXBuildFile; fileRef = 7C62DD0E182ABCDE0003AD91 /* CampusInfoViewController.m */; };
		7C62DD17182AC32A0003AD91 /* Schedule.xcdatamodeld in Sources */ = {isa = PBXBuildFile; fileRef = 7C62DD15182AC32A0003AD91 /* Schedule.xcdatamodeld */; };
		7C653645183D29B70009953E /* MapViewController.m in Sources */ = {isa = PBXBuildFile; fileRef = 7C653644183D29B70009953E /* MapViewController.m */; };
		7C653661183D38520009953E /* Event.m in Sources */ = {isa = PBXBuildFile; fileRef = 7C653660183D38520009953E /* Event.m */; };
		7C653664183D38530009953E /* Day.m in Sources */ = {isa = PBXBuildFile; fileRef = 7C653663183D38530009953E /* Day.m */; };
		7C653666183D3A0F0009953E /* CoreData.framework in Frameworks */ = {isa = PBXBuildFile; fileRef = 7C653665183D3A0F0009953E /* CoreData.framework */; };
		7C7C27CF183FD716007DCA52 /* eventsIcon.png in Resources */ = {isa = PBXBuildFile; fileRef = 7C7C27CE183FD716007DCA52 /* eventsIcon.png */; };
		7C8DEEE61845171900D02E66 /* Orientation-badge.jpg in Resources */ = {isa = PBXBuildFile; fileRef = 7C8DEEE51845171900D02E66 /* Orientation-badge.jpg */; };
		7C8DEEE818451A2700D02E66 /* Default.png in Resources */ = {isa = PBXBuildFile; fileRef = 7C8DEEE718451A2700D02E66 /* Default.png */; };
		7C8DEEEA18451AA500D02E66 /* Default@2x.png in Resources */ = {isa = PBXBuildFile; fileRef = 7C8DEEE918451AA500D02E66 /* Default@2x.png */; };
		7C8DEEEC18451AF100D02E66 /* Default-568h@2x.png in Resources */ = {isa = PBXBuildFile; fileRef = 7C8DEEEB18451AF100D02E66 /* Default-568h@2x.png */; };
		7CC71904183D63EB007F7E52 /* DayViewController.m in Sources */ = {isa = PBXBuildFile; fileRef = 7CC71903183D63EB007F7E52 /* DayViewController.m */; };
		7CC71908183D6410007F7E52 /* EventViewController.m in Sources */ = {isa = PBXBuildFile; fileRef = 7CC71907183D6410007F7E52 /* EventViewController.m */; };
		810FA6391839AF140094E771 /* campusInfo.png in Resources */ = {isa = PBXBuildFile; fileRef = 810FA6381839AF140094E771 /* campusInfo.png */; };
		810FA63B1839B0640094E771 /* campusMap1.pdf in Resources */ = {isa = PBXBuildFile; fileRef = 810FA63A1839B0640094E771 /* campusMap1.pdf */; };
		816E7D3C183DB18700266F64 /* wave.html in Resources */ = {isa = PBXBuildFile; fileRef = 816E7D3B183DB18700266F64 /* wave.html */; };
		816E7D3F183DB19600266F64 /* library.html in Resources */ = {isa = PBXBuildFile; fileRef = 816E7D3E183DB19600266F64 /* library.html */; };
		8188895C1843C794008FCD13 /* eventScheduler.png in Resources */ = {isa = PBXBuildFile; fileRef = 8188895B1843C793008FCD13 /* eventScheduler.png */; };
		818889681843CAC6008FCD13 /* AddAlarmViewController.m in Sources */ = {isa = PBXBuildFile; fileRef = 818889671843CAC6008FCD13 /* AddAlarmViewController.m */; };
		8188896B1843CC06008FCD13 /* AlarmTableViewController.m in Sources */ = {isa = PBXBuildFile; fileRef = 8188896A1843CC06008FCD13 /* AlarmTableViewController.m */; };
		81A67894183D320C0019160F /* mapIcon.png in Resources */ = {isa = PBXBuildFile; fileRef = 81A67893183D320C0019160F /* mapIcon.png */; };
		81D5669D184694CE00A95836 /* menu1.pdf in Resources */ = {isa = PBXBuildFile; fileRef = 81D5669B184694CE00A95836 /* menu1.pdf */; };
		81D5669E184694CE00A95836 /* menu2.pdf in Resources */ = {isa = PBXBuildFile; fileRef = 81D5669C184694CE00A95836 /* menu2.pdf */; };
		81D566A418469A9000A95836 /* startIcon.png in Resources */ = {isa = PBXBuildFile; fileRef = 81D566A318469A8F00A95836 /* startIcon.png */; };
		81D566A618469B9D00A95836 /* campusMap.pdf in Resources */ = {isa = PBXBuildFile; fileRef = 81D566A518469B9D00A95836 /* campusMap.pdf */; };
		81D69FC5183E559A00A4B8EE /* AddressViewController.m in Sources */ = {isa = PBXBuildFile; fileRef = 81D69FC4183E559A00A4B8EE /* AddressViewController.m */; };
		81D69FC9183E560100A4B8EE /* AddressBook.framework in Frameworks */ = {isa = PBXBuildFile; fileRef = 81D69FC7183E560000A4B8EE /* AddressBook.framework */; };
		81D69FCA183E560100A4B8EE /* AddressBookUI.framework in Frameworks */ = {isa = PBXBuildFile; fileRef = 81D69FC8183E560000A4B8EE /* AddressBookUI.framework */; };
		81D69FCC183E56E000A4B8EE /* contacts.png in Resources */ = {isa = PBXBuildFile; fileRef = 81D69FCB183E56E000A4B8EE /* contacts.png */; };
		81D69FCE183E58D600A4B8EE /* Menu.plist in Resources */ = {isa = PBXBuildFile; fileRef = 81D69FCD183E58D600A4B8EE /* Menu.plist */; };
		968C7E20184288540040DDE9 /* EventCell.m in Sources */ = {isa = PBXBuildFile; fileRef = 968C7E1F184288540040DDE9 /* EventCell.m */; };
/* End PBXBuildFile section */

/* Begin PBXFileReference section */
		7C62DCD6182AB09B0003AD91 /* NSO-App.app */ = {isa = PBXFileReference; explicitFileType = wrapper.application; includeInIndex = 0; path = "NSO-App.app"; sourceTree = BUILT_PRODUCTS_DIR; };
		7C62DCDA182AB09B0003AD91 /* UIKit.framework */ = {isa = PBXFileReference; lastKnownFileType = wrapper.framework; name = UIKit.framework; path = System/Library/Frameworks/UIKit.framework; sourceTree = SDKROOT; };
		7C62DCDC182AB09B0003AD91 /* Foundation.framework */ = {isa = PBXFileReference; lastKnownFileType = wrapper.framework; name = Foundation.framework; path = System/Library/Frameworks/Foundation.framework; sourceTree = SDKROOT; };
		7C62DCDE182AB09B0003AD91 /* CoreGraphics.framework */ = {isa = PBXFileReference; lastKnownFileType = wrapper.framework; name = CoreGraphics.framework; path = System/Library/Frameworks/CoreGraphics.framework; sourceTree = SDKROOT; };
		7C62DCE2182AB09B0003AD91 /* NSO-App-Info.plist */ = {isa = PBXFileReference; lastKnownFileType = text.plist.xml; path = "NSO-App-Info.plist"; sourceTree = "<group>"; };
		7C62DCE4182AB09B0003AD91 /* en */ = {isa = PBXFileReference; lastKnownFileType = text.plist.strings; name = en; path = en.lproj/InfoPlist.strings; sourceTree = "<group>"; };
		7C62DCE6182AB09B0003AD91 /* main.m */ = {isa = PBXFileReference; lastKnownFileType = sourcecode.c.objc; path = main.m; sourceTree = "<group>"; };
		7C62DCE8182AB09B0003AD91 /* NSO-App-Prefix.pch */ = {isa = PBXFileReference; lastKnownFileType = sourcecode.c.h; path = "NSO-App-Prefix.pch"; sourceTree = "<group>"; };
		7C62DCE9182AB09B0003AD91 /* AppDelegate.h */ = {isa = PBXFileReference; lastKnownFileType = sourcecode.c.h; path = AppDelegate.h; sourceTree = "<group>"; };
		7C62DCEA182AB09B0003AD91 /* AppDelegate.m */ = {isa = PBXFileReference; lastKnownFileType = sourcecode.c.objc; path = AppDelegate.m; sourceTree = "<group>"; };
		7C62DCF3182AB09B0003AD91 /* en */ = {isa = PBXFileReference; lastKnownFileType = file.storyboard; name = en; path = en.lproj/MainStoryboard.storyboard; sourceTree = "<group>"; };
		7C62DCF5182AB09B0003AD91 /* ViewController.h */ = {isa = PBXFileReference; lastKnownFileType = sourcecode.c.h; path = ViewController.h; sourceTree = "<group>"; };
		7C62DCF6182AB09B0003AD91 /* ViewController.m */ = {isa = PBXFileReference; lastKnownFileType = sourcecode.c.objc; path = ViewController.m; sourceTree = "<group>"; };
		7C62DD0D182ABCDE0003AD91 /* CampusInfoViewController.h */ = {isa = PBXFileReference; fileEncoding = 4; lastKnownFileType = sourcecode.c.h; path = CampusInfoViewController.h; sourceTree = "<group>"; };
		7C62DD0E182ABCDE0003AD91 /* CampusInfoViewController.m */ = {isa = PBXFileReference; fileEncoding = 4; lastKnownFileType = sourcecode.c.objc; path = CampusInfoViewController.m; sourceTree = "<group>"; };
		7C62DD16182AC32A0003AD91 /* Schedule.xcdatamodel */ = {isa = PBXFileReference; lastKnownFileType = wrapper.xcdatamodel; name = Schedule.xcdatamodel; path = "NSO-App/Schedule.xcdatamodeld/Schedule.xcdatamodel"; sourceTree = SOURCE_ROOT; };
		7C653643183D29B70009953E /* MapViewController.h */ = {isa = PBXFileReference; fileEncoding = 4; lastKnownFileType = sourcecode.c.h; path = MapViewController.h; sourceTree = "<group>"; };
		7C653644183D29B70009953E /* MapViewController.m */ = {isa = PBXFileReference; fileEncoding = 4; lastKnownFileType = sourcecode.c.objc; path = MapViewController.m; sourceTree = "<group>"; };
		7C65365F183D38520009953E /* Event.h */ = {isa = PBXFileReference; fileEncoding = 4; lastKnownFileType = sourcecode.c.h; name = Event.h; path = ../Event.h; sourceTree = "<group>"; };
		7C653660183D38520009953E /* Event.m */ = {isa = PBXFileReference; fileEncoding = 4; lastKnownFileType = sourcecode.c.objc; name = Event.m; path = ../Event.m; sourceTree = "<group>"; };
		7C653662183D38530009953E /* Day.h */ = {isa = PBXFileReference; fileEncoding = 4; lastKnownFileType = sourcecode.c.h; name = Day.h; path = ../Day.h; sourceTree = "<group>"; };
		7C653663183D38530009953E /* Day.m */ = {isa = PBXFileReference; fileEncoding = 4; lastKnownFileType = sourcecode.c.objc; name = Day.m; path = ../Day.m; sourceTree = "<group>"; };
		7C653665183D3A0F0009953E /* CoreData.framework */ = {isa = PBXFileReference; lastKnownFileType = wrapper.framework; name = CoreData.framework; path = System/Library/Frameworks/CoreData.framework; sourceTree = SDKROOT; };
		7C7C27CE183FD716007DCA52 /* eventsIcon.png */ = {isa = PBXFileReference; lastKnownFileType = image.png; path = eventsIcon.png; sourceTree = "<group>"; };
		7C8DEEE51845171900D02E66 /* Orientation-badge.jpg */ = {isa = PBXFileReference; lastKnownFileType = image.jpeg; path = "Orientation-badge.jpg"; sourceTree = "<group>"; };
		7C8DEEE718451A2700D02E66 /* Default.png */ = {isa = PBXFileReference; lastKnownFileType = image.png; name = Default.png; path = ../Default.png; sourceTree = "<group>"; };
		7C8DEEE918451AA500D02E66 /* Default@2x.png */ = {isa = PBXFileReference; lastKnownFileType = image.png; name = "Default@2x.png"; path = "../Default@2x.png"; sourceTree = "<group>"; };
		7C8DEEEB18451AF100D02E66 /* Default-568h@2x.png */ = {isa = PBXFileReference; lastKnownFileType = image.png; name = "Default-568h@2x.png"; path = "../Default-568h@2x.png"; sourceTree = "<group>"; };
		7CC71902183D63EB007F7E52 /* DayViewController.h */ = {isa = PBXFileReference; fileEncoding = 4; lastKnownFileType = sourcecode.c.h; path = DayViewController.h; sourceTree = "<group>"; };
		7CC71903183D63EB007F7E52 /* DayViewController.m */ = {isa = PBXFileReference; fileEncoding = 4; lastKnownFileType = sourcecode.c.objc; path = DayViewController.m; sourceTree = "<group>"; };
		7CC71906183D6410007F7E52 /* EventViewController.h */ = {isa = PBXFileReference; fileEncoding = 4; lastKnownFileType = sourcecode.c.h; path = EventViewController.h; sourceTree = "<group>"; };
		7CC71907183D6410007F7E52 /* EventViewController.m */ = {isa = PBXFileReference; fileEncoding = 4; lastKnownFileType = sourcecode.c.objc; path = EventViewController.m; sourceTree = "<group>"; };
		810FA6381839AF140094E771 /* campusInfo.png */ = {isa = PBXFileReference; lastKnownFileType = image.png; path = campusInfo.png; sourceTree = "<group>"; };
		810FA63A1839B0640094E771 /* campusMap1.pdf */ = {isa = PBXFileReference; lastKnownFileType = image.pdf; path = campusMap1.pdf; sourceTree = "<group>"; };
		816E7D3B183DB18700266F64 /* wave.html */ = {isa = PBXFileReference; fileEncoding = 4; lastKnownFileType = text.html; path = wave.html; sourceTree = "<group>"; };
		816E7D3E183DB19600266F64 /* library.html */ = {isa = PBXFileReference; fileEncoding = 4; lastKnownFileType = text.html; path = library.html; sourceTree = "<group>"; };
		8188895B1843C793008FCD13 /* eventScheduler.png */ = {isa = PBXFileReference; lastKnownFileType = image.png; path = eventScheduler.png; sourceTree = "<group>"; };
		818889661843CAC6008FCD13 /* AddAlarmViewController.h */ = {isa = PBXFileReference; fileEncoding = 4; lastKnownFileType = sourcecode.c.h; path = AddAlarmViewController.h; sourceTree = "<group>"; };
		818889671843CAC6008FCD13 /* AddAlarmViewController.m */ = {isa = PBXFileReference; fileEncoding = 4; lastKnownFileType = sourcecode.c.objc; path = AddAlarmViewController.m; sourceTree = "<group>"; };
		818889691843CC06008FCD13 /* AlarmTableViewController.h */ = {isa = PBXFileReference; fileEncoding = 4; lastKnownFileType = sourcecode.c.h; path = AlarmTableViewController.h; sourceTree = "<group>"; };
		8188896A1843CC06008FCD13 /* AlarmTableViewController.m */ = {isa = PBXFileReference; fileEncoding = 4; lastKnownFileType = sourcecode.c.objc; path = AlarmTableViewController.m; sourceTree = "<group>"; };
		81A67893183D320C0019160F /* mapIcon.png */ = {isa = PBXFileReference; lastKnownFileType = image.png; path = mapIcon.png; sourceTree = "<group>"; };
		81D5669B184694CE00A95836 /* menu1.pdf */ = {isa = PBXFileReference; lastKnownFileType = image.pdf; path = menu1.pdf; sourceTree = "<group>"; };
		81D5669C184694CE00A95836 /* menu2.pdf */ = {isa = PBXFileReference; lastKnownFileType = image.pdf; path = menu2.pdf; sourceTree = "<group>"; };
		81D566A318469A8F00A95836 /* startIcon.png */ = {isa = PBXFileReference; lastKnownFileType = image.png; name = startIcon.png; path = ../startIcon.png; sourceTree = "<group>"; };
		81D566A518469B9D00A95836 /* campusMap.pdf */ = {isa = PBXFileReference; lastKnownFileType = image.pdf; path = campusMap.pdf; sourceTree = "<group>"; };
		81D69FC3183E559A00A4B8EE /* AddressViewController.h */ = {isa = PBXFileReference; fileEncoding = 4; lastKnownFileType = sourcecode.c.h; path = AddressViewController.h; sourceTree = "<group>"; };
		81D69FC4183E559A00A4B8EE /* AddressViewController.m */ = {isa = PBXFileReference; fileEncoding = 4; lastKnownFileType = sourcecode.c.objc; path = AddressViewController.m; sourceTree = "<group>"; };
		81D69FC7183E560000A4B8EE /* AddressBook.framework */ = {isa = PBXFileReference; lastKnownFileType = wrapper.framework; name = AddressBook.framework; path = System/Library/Frameworks/AddressBook.framework; sourceTree = SDKROOT; };
		81D69FC8183E560000A4B8EE /* AddressBookUI.framework */ = {isa = PBXFileReference; lastKnownFileType = wrapper.framework; name = AddressBookUI.framework; path = System/Library/Frameworks/AddressBookUI.framework; sourceTree = SDKROOT; };
		81D69FCB183E56E000A4B8EE /* contacts.png */ = {isa = PBXFileReference; lastKnownFileType = image.png; path = contacts.png; sourceTree = "<group>"; };
		81D69FCD183E58D600A4B8EE /* Menu.plist */ = {isa = PBXFileReference; fileEncoding = 4; lastKnownFileType = text.plist.xml; path = Menu.plist; sourceTree = "<group>"; };
		968C7E1E184288540040DDE9 /* EventCell.h */ = {isa = PBXFileReference; fileEncoding = 4; lastKnownFileType = sourcecode.c.h; path = EventCell.h; sourceTree = "<group>"; };
		968C7E1F184288540040DDE9 /* EventCell.m */ = {isa = PBXFileReference; fileEncoding = 4; lastKnownFileType = sourcecode.c.objc; path = EventCell.m; sourceTree = "<group>"; };
/* End PBXFileReference section */

/* Begin PBXFrameworksBuildPhase section */
		7C62DCD3182AB09B0003AD91 /* Frameworks */ = {
			isa = PBXFrameworksBuildPhase;
			buildActionMask = 2147483647;
			files = (
				81D69FC9183E560100A4B8EE /* AddressBook.framework in Frameworks */,
				81D69FCA183E560100A4B8EE /* AddressBookUI.framework in Frameworks */,
				7C653666183D3A0F0009953E /* CoreData.framework in Frameworks */,
				7C62DCDB182AB09B0003AD91 /* UIKit.framework in Frameworks */,
				7C62DCDD182AB09B0003AD91 /* Foundation.framework in Frameworks */,
				7C62DCDF182AB09B0003AD91 /* CoreGraphics.framework in Frameworks */,
			);
			runOnlyForDeploymentPostprocessing = 0;
		};
/* End PBXFrameworksBuildPhase section */

/* Begin PBXGroup section */
		7C62DCCB182AB09B0003AD91 = {
			isa = PBXGroup;
			children = (
				7C62DCE0182AB09B0003AD91 /* NSO-App */,
				7C62DCD9182AB09B0003AD91 /* Frameworks */,
				7C62DCD7182AB09B0003AD91 /* Products */,
			);
			sourceTree = "<group>";
		};
		7C62DCD7182AB09B0003AD91 /* Products */ = {
			isa = PBXGroup;
			children = (
				7C62DCD6182AB09B0003AD91 /* NSO-App.app */,
			);
			name = Products;
			sourceTree = "<group>";
		};
		7C62DCD9182AB09B0003AD91 /* Frameworks */ = {
			isa = PBXGroup;
			children = (
				81D69FC7183E560000A4B8EE /* AddressBook.framework */,
				81D69FC8183E560000A4B8EE /* AddressBookUI.framework */,
				7C653665183D3A0F0009953E /* CoreData.framework */,
				7C62DCDA182AB09B0003AD91 /* UIKit.framework */,
				7C62DCDC182AB09B0003AD91 /* Foundation.framework */,
				7C62DCDE182AB09B0003AD91 /* CoreGraphics.framework */,
			);
			name = Frameworks;
			sourceTree = "<group>";
		};
		7C62DCE0182AB09B0003AD91 /* NSO-App */ = {
			isa = PBXGroup;
			children = (
				819C695B18493E93001E9844 /* Alarms */,
				819C695C18493EA8001E9844 /* ContactList */,
				819C695E18493EC6001E9844 /* CampusMap */,
				819C695918493E7A001E9844 /* Events */,
				819C695D18493EB6001E9844 /* CampusInfo */,
				7C62DCE9182AB09B0003AD91 /* AppDelegate.h */,
				7C62DCEA182AB09B0003AD91 /* AppDelegate.m */,
				7C62DD15182AC32A0003AD91 /* Schedule.xcdatamodeld */,
				7C62DCF2182AB09B0003AD91 /* MainStoryboard.storyboard */,
				7C62DCF5182AB09B0003AD91 /* ViewController.h */,
				7C62DCF6182AB09B0003AD91 /* ViewController.m */,
				7C62DCE1182AB09B0003AD91 /* Supporting Files */,
			);
			path = "NSO-App";
			sourceTree = "<group>";
		};
		7C62DCE1182AB09B0003AD91 /* Supporting Files */ = {
			isa = PBXGroup;
			children = (
				81D566A218469A0D00A95836 /* Icons */,
				7C8DEEEB18451AF100D02E66 /* Default-568h@2x.png */,
				7C8DEEE918451AA500D02E66 /* Default@2x.png */,
				81D566A518469B9D00A95836 /* campusMap.pdf */,
				7C8DEEE718451A2700D02E66 /* Default.png */,
				7C8DEEE51845171900D02E66 /* Orientation-badge.jpg */,
				7C62DCE2182AB09B0003AD91 /* NSO-App-Info.plist */,
				81D69FCD183E58D600A4B8EE /* Menu.plist */,
				7C62DCE3182AB09B0003AD91 /* InfoPlist.strings */,
				7C62DCE6182AB09B0003AD91 /* main.m */,
				7C62DCE8182AB09B0003AD91 /* NSO-App-Prefix.pch */,
				81D5669B184694CE00A95836 /* menu1.pdf */,
				81D5669C184694CE00A95836 /* menu2.pdf */,
				810FA63A1839B0640094E771 /* campusMap1.pdf */,
				816E7D3E183DB19600266F64 /* library.html */,
				816E7D3B183DB18700266F64 /* wave.html */,
			);
			name = "Supporting Files";
			sourceTree = "<group>";
		};
		819C695918493E7A001E9844 /* Events */ = {
			isa = PBXGroup;
			children = (
				7CC71906183D6410007F7E52 /* EventViewController.h */,
				7CC71907183D6410007F7E52 /* EventViewController.m */,
				968C7E1E184288540040DDE9 /* EventCell.h */,
				968C7E1F184288540040DDE9 /* EventCell.m */,
				7CC71902183D63EB007F7E52 /* DayViewController.h */,
				7CC71903183D63EB007F7E52 /* DayViewController.m */,
				7C653662183D38530009953E /* Day.h */,
				7C653663183D38530009953E /* Day.m */,
				7C65365F183D38520009953E /* Event.h */,
				7C653660183D38520009953E /* Event.m */,
			);
			name = Events;
			sourceTree = "<group>";
		};
		819C695B18493E93001E9844 /* Alarms */ = {
			isa = PBXGroup;
			children = (
				818889661843CAC6008FCD13 /* AddAlarmViewController.h */,
				818889671843CAC6008FCD13 /* AddAlarmViewController.m */,
				818889691843CC06008FCD13 /* AlarmTableViewController.h */,
				8188896A1843CC06008FCD13 /* AlarmTableViewController.m */,
			);
			name = Alarms;
			sourceTree = "<group>";
		};
		819C695C18493EA8001E9844 /* ContactList */ = {
			isa = PBXGroup;
			children = (
				81D69FC3183E559A00A4B8EE /* AddressViewController.h */,
				81D69FC4183E559A00A4B8EE /* AddressViewController.m */,
			);
			name = ContactList;
			sourceTree = "<group>";
		};
		819C695D18493EB6001E9844 /* CampusInfo */ = {
			isa = PBXGroup;
			children = (
				7C62DD0D182ABCDE0003AD91 /* CampusInfoViewController.h */,
				7C62DD0E182ABCDE0003AD91 /* CampusInfoViewController.m */,
			);
			name = CampusInfo;
			sourceTree = "<group>";
		};
		819C695E18493EC6001E9844 /* CampusMap */ = {
			isa = PBXGroup;
			children = (
				7C653643183D29B70009953E /* MapViewController.h */,
				7C653644183D29B70009953E /* MapViewController.m */,
			);
			name = CampusMap;
			sourceTree = "<group>";
		};
		81D566A218469A0D00A95836 /* Icons */ = {
			isa = PBXGroup;
			children = (
				81D566A318469A8F00A95836 /* startIcon.png */,
				7C7C27CE183FD716007DCA52 /* eventsIcon.png */,
				8188895B1843C793008FCD13 /* eventScheduler.png */,
				810FA6381839AF140094E771 /* campusInfo.png */,
				81D69FCB183E56E000A4B8EE /* contacts.png */,
				81A67893183D320C0019160F /* mapIcon.png */,
			);
			name = Icons;
			sourceTree = "<group>";
		};
/* End PBXGroup section */

/* Begin PBXNativeTarget section */
		7C62DCD5182AB09B0003AD91 /* NSO-App */ = {
			isa = PBXNativeTarget;
			buildConfigurationList = 7C62DCFA182AB09B0003AD91 /* Build configuration list for PBXNativeTarget "NSO-App" */;
			buildPhases = (
				7C62DCD2182AB09B0003AD91 /* Sources */,
				7C62DCD3182AB09B0003AD91 /* Frameworks */,
				7C62DCD4182AB09B0003AD91 /* Resources */,
			);
			buildRules = (
			);
			dependencies = (
			);
			name = "NSO-App";
			productName = "NSO-App";
			productReference = 7C62DCD6182AB09B0003AD91 /* NSO-App.app */;
			productType = "com.apple.product-type.application";
		};
/* End PBXNativeTarget section */

/* Begin PBXProject section */
		7C62DCCD182AB09B0003AD91 /* Project object */ = {
			isa = PBXProject;
			attributes = {
				LastUpgradeCheck = 0450;
				ORGANIZATIONNAME = "Jason&Cory";
			};
			buildConfigurationList = 7C62DCD0182AB09B0003AD91 /* Build configuration list for PBXProject "NSO-App" */;
			compatibilityVersion = "Xcode 3.2";
			developmentRegion = English;
			hasScannedForEncodings = 0;
			knownRegions = (
				en,
			);
			mainGroup = 7C62DCCB182AB09B0003AD91;
			productRefGroup = 7C62DCD7182AB09B0003AD91 /* Products */;
			projectDirPath = "";
			projectRoot = "";
			targets = (
				7C62DCD5182AB09B0003AD91 /* NSO-App */,
			);
		};
/* End PBXProject section */

/* Begin PBXResourcesBuildPhase section */
		7C62DCD4182AB09B0003AD91 /* Resources */ = {
			isa = PBXResourcesBuildPhase;
			buildActionMask = 2147483647;
			files = (
				7C62DCE5182AB09B0003AD91 /* InfoPlist.strings in Resources */,
				7C62DCF4182AB09B0003AD91 /* MainStoryboard.storyboard in Resources */,
				810FA6391839AF140094E771 /* campusInfo.png in Resources */,
				810FA63B1839B0640094E771 /* campusMap1.pdf in Resources */,
				81A67894183D320C0019160F /* mapIcon.png in Resources */,
				816E7D3C183DB18700266F64 /* wave.html in Resources */,
				816E7D3F183DB19600266F64 /* library.html in Resources */,
				81D69FCC183E56E000A4B8EE /* contacts.png in Resources */,
				81D69FCE183E58D600A4B8EE /* Menu.plist in Resources */,
				7C7C27CF183FD716007DCA52 /* eventsIcon.png in Resources */,
				8188895C1843C794008FCD13 /* eventScheduler.png in Resources */,
				7C8DEEE61845171900D02E66 /* Orientation-badge.jpg in Resources */,
				7C8DEEE818451A2700D02E66 /* Default.png in Resources */,
				7C8DEEEA18451AA500D02E66 /* Default@2x.png in Resources */,
				7C8DEEEC18451AF100D02E66 /* Default-568h@2x.png in Resources */,
				81D5669D184694CE00A95836 /* menu1.pdf in Resources */,
				81D5669E184694CE00A95836 /* menu2.pdf in Resources */,
				81D566A418469A9000A95836 /* startIcon.png in Resources */,
				81D566A618469B9D00A95836 /* campusMap.pdf in Resources */,
			);
			runOnlyForDeploymentPostprocessing = 0;
		};
/* End PBXResourcesBuildPhase section */

/* Begin PBXSourcesBuildPhase section */
		7C62DCD2182AB09B0003AD91 /* Sources */ = {
			isa = PBXSourcesBuildPhase;
			buildActionMask = 2147483647;
			files = (
				7C62DCE7182AB09B0003AD91 /* main.m in Sources */,
				7C62DCEB182AB09B0003AD91 /* AppDelegate.m in Sources */,
				7C62DCF7182AB09B0003AD91 /* ViewController.m in Sources */,
				7C62DD0F182ABCDE0003AD91 /* CampusInfoViewController.m in Sources */,
				7C62DD17182AC32A0003AD91 /* Schedule.xcdatamodeld in Sources */,
				7C653645183D29B70009953E /* MapViewController.m in Sources */,
				7C653661183D38520009953E /* Event.m in Sources */,
				7C653664183D38530009953E /* Day.m in Sources */,
				7CC71904183D63EB007F7E52 /* DayViewController.m in Sources */,
				7CC71908183D6410007F7E52 /* EventViewController.m in Sources */,
				81D69FC5183E559A00A4B8EE /* AddressViewController.m in Sources */,
				968C7E20184288540040DDE9 /* EventCell.m in Sources */,
				818889681843CAC6008FCD13 /* AddAlarmViewController.m in Sources */,
				8188896B1843CC06008FCD13 /* AlarmTableViewController.m in Sources */,
			);
			runOnlyForDeploymentPostprocessing = 0;
		};
/* End PBXSourcesBuildPhase section */

/* Begin PBXVariantGroup section */
		7C62DCE3182AB09B0003AD91 /* InfoPlist.strings */ = {
			isa = PBXVariantGroup;
			children = (
				7C62DCE4182AB09B0003AD91 /* en */,
			);
			name = InfoPlist.strings;
			sourceTree = "<group>";
		};
		7C62DCF2182AB09B0003AD91 /* MainStoryboard.storyboard */ = {
			isa = PBXVariantGroup;
			children = (
				7C62DCF3182AB09B0003AD91 /* en */,
			);
			name = MainStoryboard.storyboard;
			sourceTree = "<group>";
		};
/* End PBXVariantGroup section */

/* Begin XCBuildConfiguration section */
		7C62DCF8182AB09B0003AD91 /* Debug */ = {
			isa = XCBuildConfiguration;
			buildSettings = {
				ALWAYS_SEARCH_USER_PATHS = NO;
				CLANG_CXX_LANGUAGE_STANDARD = "gnu++0x";
				CLANG_CXX_LIBRARY = "libc++";
				CLANG_ENABLE_OBJC_ARC = YES;
				CLANG_WARN_EMPTY_BODY = YES;
				CLANG_WARN__DUPLICATE_METHOD_MATCH = YES;
				"CODE_SIGN_IDENTITY[sdk=iphoneos*]" = "iPhone Developer";
				COPY_PHASE_STRIP = NO;
				GCC_C_LANGUAGE_STANDARD = gnu99;
				GCC_DYNAMIC_NO_PIC = NO;
				GCC_OPTIMIZATION_LEVEL = 0;
				GCC_PREPROCESSOR_DEFINITIONS = (
					"DEBUG=1",
					"$(inherited)",
				);
				GCC_SYMBOLS_PRIVATE_EXTERN = NO;
				GCC_WARN_ABOUT_RETURN_TYPE = YES;
				GCC_WARN_UNINITIALIZED_AUTOS = YES;
				GCC_WARN_UNUSED_VARIABLE = YES;
				IPHONEOS_DEPLOYMENT_TARGET = 6.0;
				ONLY_ACTIVE_ARCH = YES;
				SDKROOT = iphoneos;
			};
			name = Debug;
		};
		7C62DCF9182AB09B0003AD91 /* Release */ = {
			isa = XCBuildConfiguration;
			buildSettings = {
				ALWAYS_SEARCH_USER_PATHS = NO;
				CLANG_CXX_LANGUAGE_STANDARD = "gnu++0x";
				CLANG_CXX_LIBRARY = "libc++";
				CLANG_ENABLE_OBJC_ARC = YES;
				CLANG_WARN_EMPTY_BODY = YES;
				CLANG_WARN__DUPLICATE_METHOD_MATCH = YES;
				"CODE_SIGN_IDENTITY[sdk=iphoneos*]" = "iPhone Developer";
				COPY_PHASE_STRIP = YES;
				GCC_C_LANGUAGE_STANDARD = gnu99;
				GCC_WARN_ABOUT_RETURN_TYPE = YES;
				GCC_WARN_UNINITIALIZED_AUTOS = YES;
				GCC_WARN_UNUSED_VARIABLE = YES;
				IPHONEOS_DEPLOYMENT_TARGET = 6.0;
				OTHER_CFLAGS = "-DNS_BLOCK_ASSERTIONS=1";
				SDKROOT = iphoneos;
				VALIDATE_PRODUCT = YES;
			};
			name = Release;
		};
		7C62DCFB182AB09B0003AD91 /* Debug */ = {
			isa = XCBuildConfiguration;
			buildSettings = {
				GCC_PRECOMPILE_PREFIX_HEADER = YES;
				GCC_PREFIX_HEADER = "NSO-App/NSO-App-Prefix.pch";
				INFOPLIST_FILE = "NSO-App/NSO-App-Info.plist";
				PRODUCT_NAME = "$(TARGET_NAME)";
				WRAPPER_EXTENSION = app;
			};
			name = Debug;
		};
		7C62DCFC182AB09B0003AD91 /* Release */ = {
			isa = XCBuildConfiguration;
			buildSettings = {
				GCC_PRECOMPILE_PREFIX_HEADER = YES;
				GCC_PREFIX_HEADER = "NSO-App/NSO-App-Prefix.pch";
				INFOPLIST_FILE = "NSO-App/NSO-App-Info.plist";
				PRODUCT_NAME = "$(TARGET_NAME)";
				WRAPPER_EXTENSION = app;
			};
			name = Release;
		};
/* End XCBuildConfiguration section */

/* Begin XCConfigurationList section */
		7C62DCD0182AB09B0003AD91 /* Build configuration list for PBXProject "NSO-App" */ = {
			isa = XCConfigurationList;
			buildConfigurations = (
				7C62DCF8182AB09B0003AD91 /* Debug */,
				7C62DCF9182AB09B0003AD91 /* Release */,
			);
			defaultConfigurationIsVisible = 0;
			defaultConfigurationName = Release;
		};
		7C62DCFA182AB09B0003AD91 /* Build configuration list for PBXNativeTarget "NSO-App" */ = {
			isa = XCConfigurationList;
			buildConfigurations = (
				7C62DCFB182AB09B0003AD91 /* Debug */,
				7C62DCFC182AB09B0003AD91 /* Release */,
			);
			defaultConfigurationIsVisible = 0;
			defaultConfigurationName = Release;
		};
/* End XCConfigurationList section */

/* Begin XCVersionGroup section */
		7C62DD15182AC32A0003AD91 /* Schedule.xcdatamodeld */ = {
			isa = XCVersionGroup;
			children = (
				7C62DD16182AC32A0003AD91 /* Schedule.xcdatamodel */,
			);
			currentVersion = 7C62DD16182AC32A0003AD91 /* Schedule.xcdatamodel */;
			path = Schedule.xcdatamodeld;
			sourceTree = "<group>";
			usesTabs = 0;
			versionGroupType = wrapper.xcdatamodel;
		};
/* End XCVersionGroup section */
	};
	rootObject = 7C62DCCD182AB09B0003AD91 /* Project object */;
}
